
Microsoft Visual Studio Solution File, Format Version 12.00
# Visual Studio Version 16
VisualStudioVersion = 16.0.29418.71
MinimumVisualStudioVersion = 10.0.40219.1
Project("{FAE04EC0-301F-11D3-BF4B-00C04F79EFBC}") = "CandyMarket.Api", "CandyMarket.Api\CandyMarket.Api.csproj", "{D2EBE77B-76A3-4467-9191-B632DF2824E5}"
EndProject
Global
	GlobalSection(SolutionConfigurationPlatforms) = preSolution
		Debug|Any CPU = Debug|Any CPU
		Release|Any CPU = Release|Any CPU
	EndGlobalSection
	GlobalSection(ProjectConfigurationPlatforms) = postSolution
		{D2EBE77B-76A3-4467-9191-B632DF2824E5}.Debug|Any CPU.ActiveCfg = Debug|Any CPU
		{D2EBE77B-76A3-4467-9191-B632DF2824E5}.Debug|Any CPU.Build.0 = Debug|Any CPU
		{D2EBE77B-76A3-4467-9191-B632DF2824E5}.Release|Any CPU.ActiveCfg = Release|Any CPU
		{D2EBE77B-76A3-4467-9191-B632DF2824E5}.Release|Any CPU.Build.0 = Release|Any CPU
	EndGlobalSection
	GlobalSection(SolutionProperties) = preSolution
		HideSolutionNode = FALSE
	EndGlobalSection
	GlobalSection(ExtensibilityGlobals) = postSolution
		SolutionGuid = {7017E8C3-51B4-4B07-A56D-1E7C01A0BC80}
	EndGlobalSection
EndGlobal
